// !$*UTF8*$!
{
	archiveVersion = 1;
	classes = {
	};
	objectVersion = 46;
	objects = {

/* Begin PBXBuildFile section */
		493D83251F42105E00A04038 /* PostViewController.swift in Sources */ = {isa = PBXBuildFile; fileRef = 493D83241F42105E00A04038 /* PostViewController.swift */; };
		493D834D1F44992B00A04038 /* rect.swift in Sources */ = {isa = PBXBuildFile; fileRef = 493D834C1F44992B00A04038 /* rect.swift */; };
		49461DE91F3EE12C00C57040 /* TbClient.swift in Sources */ = {isa = PBXBuildFile; fileRef = 49461DE81F3EE12C00C57040 /* TbClient.swift */; };
		49461DEB1F402D6800C57040 /* NetworkCall.swift in Sources */ = {isa = PBXBuildFile; fileRef = 49461DEA1F402D6800C57040 /* NetworkCall.swift */; };
		49461DED1F40339400C57040 /* Person.swift in Sources */ = {isa = PBXBuildFile; fileRef = 49461DEC1F40339400C57040 /* Person.swift */; };
		49461DEF1F4034F800C57040 /* Global.swift in Sources */ = {isa = PBXBuildFile; fileRef = 49461DEE1F4034F800C57040 /* Global.swift */; };
		49461DF11F404F9500C57040 /* TableViewCell.swift in Sources */ = {isa = PBXBuildFile; fileRef = 49461DF01F404F9500C57040 /* TableViewCell.swift */; };
		495A5E951E7D58B100244229 /* Base.swift in Sources */ = {isa = PBXBuildFile; fileRef = 495A5E941E7D58B100244229 /* Base.swift */; };
		495A5E981E7D623400244229 /* Map.swift in Sources */ = {isa = PBXBuildFile; fileRef = 495A5E971E7D623400244229 /* Map.swift */; };
		495A5E9A1E7D626500244229 /* Table.swift in Sources */ = {isa = PBXBuildFile; fileRef = 495A5E991E7D626500244229 /* Table.swift */; };
		49B660CC1E7C5D14003D2D9A /* AppDelegate.swift in Sources */ = {isa = PBXBuildFile; fileRef = 49B660CB1E7C5D14003D2D9A /* AppDelegate.swift */; };
		49B660CE1E7C5D14003D2D9A /* LoginViewController.swift in Sources */ = {isa = PBXBuildFile; fileRef = 49B660CD1E7C5D14003D2D9A /* LoginViewController.swift */; };
		49B660D11E7C5D15003D2D9A /* Main.storyboard in Resources */ = {isa = PBXBuildFile; fileRef = 49B660CF1E7C5D15003D2D9A /* Main.storyboard */; };
		49B660D31E7C5D15003D2D9A /* Assets.xcassets in Resources */ = {isa = PBXBuildFile; fileRef = 49B660D21E7C5D15003D2D9A /* Assets.xcassets */; };
		49B660D61E7C5D15003D2D9A /* LaunchScreen.storyboard in Resources */ = {isa = PBXBuildFile; fileRef = 49B660D41E7C5D15003D2D9A /* LaunchScreen.storyboard */; };
/* End PBXBuildFile section */

/* Begin PBXFileReference section */
		493D83241F42105E00A04038 /* PostViewController.swift */ = {isa = PBXFileReference; fileEncoding = 4; lastKnownFileType = sourcecode.swift; path = PostViewController.swift; sourceTree = "<group>"; };
		493D834C1F44992B00A04038 /* rect.swift */ = {isa = PBXFileReference; fileEncoding = 4; lastKnownFileType = sourcecode.swift; path = rect.swift; sourceTree = "<group>"; };
		49461DE81F3EE12C00C57040 /* TbClient.swift */ = {isa = PBXFileReference; fileEncoding = 4; lastKnownFileType = sourcecode.swift; path = TbClient.swift; sourceTree = "<group>"; };
		49461DEA1F402D6800C57040 /* NetworkCall.swift */ = {isa = PBXFileReference; fileEncoding = 4; lastKnownFileType = sourcecode.swift; path = NetworkCall.swift; sourceTree = "<group>"; };
		49461DEC1F40339400C57040 /* Person.swift */ = {isa = PBXFileReference; fileEncoding = 4; lastKnownFileType = sourcecode.swift; path = Person.swift; sourceTree = "<group>"; };
		49461DEE1F4034F800C57040 /* Global.swift */ = {isa = PBXFileReference; fileEncoding = 4; lastKnownFileType = sourcecode.swift; path = Global.swift; sourceTree = "<group>"; };
		49461DF01F404F9500C57040 /* TableViewCell.swift */ = {isa = PBXFileReference; fileEncoding = 4; lastKnownFileType = sourcecode.swift; path = TableViewCell.swift; sourceTree = "<group>"; };
		495A5E941E7D58B100244229 /* Base.swift */ = {isa = PBXFileReference; fileEncoding = 4; lastKnownFileType = sourcecode.swift; path = Base.swift; sourceTree = "<group>"; };
		495A5E971E7D623400244229 /* Map.swift */ = {isa = PBXFileReference; fileEncoding = 4; lastKnownFileType = sourcecode.swift; path = Map.swift; sourceTree = "<group>"; };
		495A5E991E7D626500244229 /* Table.swift */ = {isa = PBXFileReference; fileEncoding = 4; lastKnownFileType = sourcecode.swift; path = Table.swift; sourceTree = "<group>"; };
		49B660C81E7C5D13003D2D9A /* On the Map.app */ = {isa = PBXFileReference; explicitFileType = wrapper.application; includeInIndex = 0; path = "On the Map.app"; sourceTree = BUILT_PRODUCTS_DIR; };
		49B660CB1E7C5D14003D2D9A /* AppDelegate.swift */ = {isa = PBXFileReference; lastKnownFileType = sourcecode.swift; path = AppDelegate.swift; sourceTree = "<group>"; };
		49B660CD1E7C5D14003D2D9A /* LoginViewController.swift */ = {isa = PBXFileReference; lastKnownFileType = sourcecode.swift; path = LoginViewController.swift; sourceTree = "<group>"; };
		49B660D01E7C5D15003D2D9A /* Base */ = {isa = PBXFileReference; lastKnownFileType = file.storyboard; name = Base; path = Base.lproj/Main.storyboard; sourceTree = "<group>"; };
		49B660D21E7C5D15003D2D9A /* Assets.xcassets */ = {isa = PBXFileReference; lastKnownFileType = folder.assetcatalog; path = Assets.xcassets; sourceTree = "<group>"; };
		49B660D51E7C5D15003D2D9A /* Base */ = {isa = PBXFileReference; lastKnownFileType = file.storyboard; name = Base; path = Base.lproj/LaunchScreen.storyboard; sourceTree = "<group>"; };
		49B660D71E7C5D15003D2D9A /* Info.plist */ = {isa = PBXFileReference; lastKnownFileType = text.plist.xml; path = Info.plist; sourceTree = "<group>"; };
/* End PBXFileReference section */

/* Begin PBXFrameworksBuildPhase section */
		49B660C51E7C5D13003D2D9A /* Frameworks */ = {
			isa = PBXFrameworksBuildPhase;
			buildActionMask = 2147483647;
			files = (
			);
			runOnlyForDeploymentPostprocessing = 0;
		};
/* End PBXFrameworksBuildPhase section */

/* Begin PBXGroup section */
		493D83221F42041B00A04038 /* model */ = {
			isa = PBXGroup;
			children = (
				49461DEE1F4034F800C57040 /* Global.swift */,
				49B660CB1E7C5D14003D2D9A /* AppDelegate.swift */,
				49461DEC1F40339400C57040 /* Person.swift */,
				49461DE81F3EE12C00C57040 /* TbClient.swift */,
				495A5E941E7D58B100244229 /* Base.swift */,
				49461DF01F404F9500C57040 /* TableViewCell.swift */,
			);
			name = model;
			sourceTree = "<group>";
		};
		493D83231F42042300A04038 /* controller */ = {
			isa = PBXGroup;
			children = (
				495A5E991E7D626500244229 /* Table.swift */,
				495A5E971E7D623400244229 /* Map.swift */,
				49B660CD1E7C5D14003D2D9A /* LoginViewController.swift */,
				493D83241F42105E00A04038 /* PostViewController.swift */,
			);
			name = controller;
			sourceTree = "<group>";
		};
		495A5E961E7D621500244229 /* view */ = {
			isa = PBXGroup;
			children = (
				493D834C1F44992B00A04038 /* rect.swift */,
			);
			name = view;
			sourceTree = "<group>";
		};
		49B660BF1E7C5D12003D2D9A = {
			isa = PBXGroup;
			children = (
				49B660CA1E7C5D14003D2D9A /* On the Map */,
				49B660C91E7C5D13003D2D9A /* Products */,
			);
			sourceTree = "<group>";
		};
		49B660C91E7C5D13003D2D9A /* Products */ = {
			isa = PBXGroup;
			children = (
				49B660C81E7C5D13003D2D9A /* On the Map.app */,
			);
			name = Products;
			sourceTree = "<group>";
		};
		49B660CA1E7C5D14003D2D9A /* On the Map */ = {
			isa = PBXGroup;
			children = (
				493D83231F42042300A04038 /* controller */,
				493D83221F42041B00A04038 /* model */,
				495A5E961E7D621500244229 /* view */,
				49B660CF1E7C5D15003D2D9A /* Main.storyboard */,
				49B660D21E7C5D15003D2D9A /* Assets.xcassets */,
				49B660D41E7C5D15003D2D9A /* LaunchScreen.storyboard */,
				49B660D71E7C5D15003D2D9A /* Info.plist */,
				49461DEA1F402D6800C57040 /* NetworkCall.swift */,
			);
			path = "On the Map";
			sourceTree = "<group>";
		};
/* End PBXGroup section */

/* Begin PBXNativeTarget section */
		49B660C71E7C5D13003D2D9A /* On the Map */ = {
			isa = PBXNativeTarget;
			buildConfigurationList = 49B660DA1E7C5D15003D2D9A /* Build configuration list for PBXNativeTarget "On the Map" */;
			buildPhases = (
				49B660C41E7C5D13003D2D9A /* Sources */,
				49B660C51E7C5D13003D2D9A /* Frameworks */,
				49B660C61E7C5D13003D2D9A /* Resources */,
			);
			buildRules = (
			);
			dependencies = (
			);
			name = "On the Map";
			productName = "On the Map";
			productReference = 49B660C81E7C5D13003D2D9A /* On the Map.app */;
			productType = "com.apple.product-type.application";
		};
/* End PBXNativeTarget section */

/* Begin PBXProject section */
		49B660C01E7C5D13003D2D9A /* Project object */ = {
			isa = PBXProject;
			attributes = {
				LastSwiftUpdateCheck = 0820;
				LastUpgradeCheck = 0820;
				ORGANIZATIONNAME = "raghav babbar";
				TargetAttributes = {
					49B660C71E7C5D13003D2D9A = {
						CreatedOnToolsVersion = 8.2.1;
						DevelopmentTeam = XX23T95J5W;
						ProvisioningStyle = Automatic;
					};
				};
			};
			buildConfigurationList = 49B660C31E7C5D13003D2D9A /* Build configuration list for PBXProject "On the Map" */;
			compatibilityVersion = "Xcode 3.2";
			developmentRegion = English;
			hasScannedForEncodings = 0;
			knownRegions = (
				en,
				Base,
			);
			mainGroup = 49B660BF1E7C5D12003D2D9A;
			productRefGroup = 49B660C91E7C5D13003D2D9A /* Products */;
			projectDirPath = "";
			projectRoot = "";
			targets = (
				49B660C71E7C5D13003D2D9A /* On the Map */,
			);
		};
/* End PBXProject section */

/* Begin PBXResourcesBuildPhase section */
		49B660C61E7C5D13003D2D9A /* Resources */ = {
			isa = PBXResourcesBuildPhase;
			buildActionMask = 2147483647;
			files = (
				49B660D61E7C5D15003D2D9A /* LaunchScreen.storyboard in Resources */,
				49B660D31E7C5D15003D2D9A /* Assets.xcassets in Resources */,
				49B660D11E7C5D15003D2D9A /* Main.storyboard in Resources */,
			);
			runOnlyForDeploymentPostprocessing = 0;
		};
/* End PBXResourcesBuildPhase section */

/* Begin PBXSourcesBuildPhase section */
		49B660C41E7C5D13003D2D9A /* Sources */ = {
			isa = PBXSourcesBuildPhase;
			buildActionMask = 2147483647;
			files = (
				49461DEB1F402D6800C57040 /* NetworkCall.swift in Sources */,
				49461DE91F3EE12C00C57040 /* TbClient.swift in Sources */,
				495A5E951E7D58B100244229 /* Base.swift in Sources */,
				495A5E9A1E7D626500244229 /* Table.swift in Sources */,
				49B660CE1E7C5D14003D2D9A /* LoginViewController.swift in Sources */,
				49461DF11F404F9500C57040 /* TableViewCell.swift in Sources */,
				495A5E981E7D623400244229 /* Map.swift in Sources */,
				493D834D1F44992B00A04038 /* rect.swift in Sources */,
				49461DED1F40339400C57040 /* Person.swift in Sources */,
				49B660CC1E7C5D14003D2D9A /* AppDelegate.swift in Sources */,
				49461DEF1F4034F800C57040 /* Global.swift in Sources */,
				493D83251F42105E00A04038 /* PostViewController.swift in Sources */,
			);
			runOnlyForDeploymentPostprocessing = 0;
		};
/* End PBXSourcesBuildPhase section */

/* Begin PBXVariantGroup section */
		49B660CF1E7C5D15003D2D9A /* Main.storyboard */ = {
			isa = PBXVariantGroup;
			children = (
				49B660D01E7C5D15003D2D9A /* Base */,
			);
			name = Main.storyboard;
			sourceTree = "<group>";
		};
		49B660D41E7C5D15003D2D9A /* LaunchScreen.storyboard */ = {
			isa = PBXVariantGroup;
			children = (
				49B660D51E7C5D15003D2D9A /* Base */,
			);
			name = LaunchScreen.storyboard;
			sourceTree = "<group>";
		};
/* End PBXVariantGroup section */

/* Begin XCBuildConfiguration section */
		49B660D81E7C5D15003D2D9A /* Debug */ = {
			isa = XCBuildConfiguration;
			buildSettings = {
				ALWAYS_SEARCH_USER_PATHS = NO;
				CLANG_ANALYZER_NONNULL = YES;
				CLANG_CXX_LANGUAGE_STANDARD = "gnu++0x";
				CLANG_CXX_LIBRARY = "libc++";
				CLANG_ENABLE_MODULES = YES;
				CLANG_ENABLE_OBJC_ARC = YES;
				CLANG_WARN_BOOL_CONVERSION = YES;
				CLANG_WARN_CONSTANT_CONVERSION = YES;
				CLANG_WARN_DIRECT_OBJC_ISA_USAGE = YES_ERROR;
				CLANG_WARN_DOCUMENTATION_COMMENTS = YES;
				CLANG_WARN_EMPTY_BODY = YES;
				CLANG_WARN_ENUM_CONVERSION = YES;
				CLANG_WARN_INFINITE_RECURSION = YES;
				CLANG_WARN_INT_CONVERSION = YES;
				CLANG_WARN_OBJC_ROOT_CLASS = YES_ERROR;
				CLANG_WARN_SUSPICIOUS_MOVE = YES;
				CLANG_WARN_UNREACHABLE_CODE = YES;
				CLANG_WARN__DUPLICATE_METHOD_MATCH = YES;
				"CODE_SIGN_IDENTITY[sdk=iphoneos*]" = "iPhone Developer";
				COPY_PHASE_STRIP = NO;
				DEBUG_INFORMATION_FORMAT = dwarf;
				ENABLE_STRICT_OBJC_MSGSEND = YES;
				ENABLE_TESTABILITY = YES;
				GCC_C_LANGUAGE_STANDARD = gnu99;
				GCC_DYNAMIC_NO_PIC = NO;
				GCC_NO_COMMON_BLOCKS = YES;
				GCC_OPTIMIZATION_LEVEL = 0;
				GCC_PREPROCESSOR_DEFINITIONS = (
					"DEBUG=1",
					"$(inherited)",
				);
				GCC_WARN_64_TO_32_BIT_CONVERSION = YES;
				GCC_WARN_ABOUT_RETURN_TYPE = YES_ERROR;
				GCC_WARN_UNDECLARED_SELECTOR = YES;
				GCC_WARN_UNINITIALIZED_AUTOS = YES_AGGRESSIVE;
				GCC_WARN_UNUSED_FUNCTION = YES;
				GCC_WARN_UNUSED_VARIABLE = YES;
				IPHONEOS_DEPLOYMENT_TARGET = 10.2;
				MTL_ENABLE_DEBUG_INFO = YES;
				ONLY_ACTIVE_ARCH = YES;
				SDKROOT = iphoneos;
				SWIFT_ACTIVE_COMPILATION_CONDITIONS = DEBUG;
				SWIFT_OPTIMIZATION_LEVEL = "-Onone";
				TARGETED_DEVICE_FAMILY = "1,2";
			};
			name = Debug;
		};
		49B660D91E7C5D15003D2D9A /* Release */ = {
			isa = XCBuildConfiguration;
			buildSettings = {
				ALWAYS_SEARCH_USER_PATHS = NO;
				CLANG_ANALYZER_NONNULL = YES;
				CLANG_CXX_LANGUAGE_STANDARD = "gnu++0x";
				CLANG_CXX_LIBRARY = "libc++";
				CLANG_ENABLE_MODULES = YES;
				CLANG_ENABLE_OBJC_ARC = YES;
				CLANG_WARN_BOOL_CONVERSION = YES;
				CLANG_WARN_CONSTANT_CONVERSION = YES;
				CLANG_WARN_DIRECT_OBJC_ISA_USAGE = YES_ERROR;
				CLANG_WARN_DOCUMENTATION_COMMENTS = YES;
				CLANG_WARN_EMPTY_BODY = YES;
				CLANG_WARN_ENUM_CONVERSION = YES;
				CLANG_WARN_INFINITE_RECURSION = YES;
				CLANG_WARN_INT_CONVERSION = YES;
				CLANG_WARN_OBJC_ROOT_CLASS = YES_ERROR;
				CLANG_WARN_SUSPICIOUS_MOVE = YES;
				CLANG_WARN_UNREACHABLE_CODE = YES;
				CLANG_WARN__DUPLICATE_METHOD_MATCH = YES;
				"CODE_SIGN_IDENTITY[sdk=iphoneos*]" = "iPhone Developer";
				COPY_PHASE_STRIP = NO;
				DEBUG_INFORMATION_FORMAT = "dwarf-with-dsym";
				ENABLE_NS_ASSERTIONS = NO;
				ENABLE_STRICT_OBJC_MSGSEND = YES;
				GCC_C_LANGUAGE_STANDARD = gnu99;
				GCC_NO_COMMON_BLOCKS = YES;
				GCC_WARN_64_TO_32_BIT_CONVERSION = YES;
				GCC_WARN_ABOUT_RETURN_TYPE = YES_ERROR;
				GCC_WARN_UNDECLARED_SELECTOR = YES;
				GCC_WARN_UNINITIALIZED_AUTOS = YES_AGGRESSIVE;
				GCC_WARN_UNUSED_FUNCTION = YES;
				GCC_WARN_UNUSED_VARIABLE = YES;
				IPHONEOS_DEPLOYMENT_TARGET = 10.2;
				MTL_ENABLE_DEBUG_INFO = NO;
				SDKROOT = iphoneos;
				SWIFT_OPTIMIZATION_LEVEL = "-Owholemodule";
				TARGETED_DEVICE_FAMILY = "1,2";
				VALIDATE_PRODUCT = YES;
			};
			name = Release;
		};
		49B660DB1E7C5D15003D2D9A /* Debug */ = {
			isa = XCBuildConfiguration;
			buildSettings = {
				ASSETCATALOG_COMPILER_APPICON_NAME = AppIcon;
				DEVELOPMENT_TEAM = XX23T95J5W;
				INFOPLIST_FILE = "On the Map/Info.plist";
				IPHONEOS_DEPLOYMENT_TARGET = 10.0;
				LD_RUNPATH_SEARCH_PATHS = "$(inherited) @executable_path/Frameworks";
				PRODUCT_BUNDLE_IDENTIFIER = "com.raghav.p.On-the-Map";
				PRODUCT_NAME = "$(TARGET_NAME)";
				SWIFT_VERSION = 3.0;
			};
			name = Debug;
		};
		49B660DC1E7C5D15003D2D9A /* Release */ = {
			isa = XCBuildConfiguration;
			buildSettings = {
				ASSETCATALOG_COMPILER_APPICON_NAME = AppIcon;
				DEVELOPMENT_TEAM = XX23T95J5W;
				INFOPLIST_FILE = "On the Map/Info.plist";
				IPHONEOS_DEPLOYMENT_TARGET = 10.0;
				LD_RUNPATH_SEARCH_PATHS = "$(inherited) @executable_path/Frameworks";
				PRODUCT_BUNDLE_IDENTIFIER = "com.raghav.p.On-the-Map";
				PRODUCT_NAME = "$(TARGET_NAME)";
				SWIFT_VERSION = 3.0;
			};
			name = Release;
		};
/* End XCBuildConfiguration section */

/* Begin XCConfigurationList section */
		49B660C31E7C5D13003D2D9A /* Build configuration list for PBXProject "On the Map" */ = {
			isa = XCConfigurationList;
			buildConfigurations = (
				49B660D81E7C5D15003D2D9A /* Debug */,
				49B660D91E7C5D15003D2D9A /* Release */,
			);
			defaultConfigurationIsVisible = 0;
			defaultConfigurationName = Release;
		};
		49B660DA1E7C5D15003D2D9A /* Build configuration list for PBXNativeTarget "On the Map" */ = {
			isa = XCConfigurationList;
			buildConfigurations = (
				49B660DB1E7C5D15003D2D9A /* Debug */,
				49B660DC1E7C5D15003D2D9A /* Release */,
			);
			defaultConfigurationIsVisible = 0;
			defaultConfigurationName = Release;
		};
/* End XCConfigurationList section */
	};
	rootObject = 49B660C01E7C5D13003D2D9A /* Project object */;
}
