// !$*UTF8*$!
{
	archiveVersion = 1;
	classes = {
	};
	objectVersion = 46;
	objects = {

/* Begin PBXBuildFile section */
		493E4B411EDAB9140083DDE0 /* AppDelegate.swift in Sources */ = {isa = PBXBuildFile; fileRef = 493E4B401EDAB9140083DDE0 /* AppDelegate.swift */; };
		493E4B431EDAB9140083DDE0 /* ViewController.swift in Sources */ = {isa = PBXBuildFile; fileRef = 493E4B421EDAB9140083DDE0 /* ViewController.swift */; };
		493E4B461EDAB9140083DDE0 /* Main.storyboard in Resources */ = {isa = PBXBuildFile; fileRef = 493E4B441EDAB9140083DDE0 /* Main.storyboard */; };
		493E4B491EDAB9140083DDE0 /* DREAMlister.xcdatamodeld in Sources */ = {isa = PBXBuildFile; fileRef = 493E4B471EDAB9140083DDE0 /* DREAMlister.xcdatamodeld */; };
		493E4B4B1EDAB9140083DDE0 /* Assets.xcassets in Resources */ = {isa = PBXBuildFile; fileRef = 493E4B4A1EDAB9140083DDE0 /* Assets.xcassets */; };
		493E4B4E1EDAB9140083DDE0 /* LaunchScreen.storyboard in Resources */ = {isa = PBXBuildFile; fileRef = 493E4B4C1EDAB9140083DDE0 /* LaunchScreen.storyboard */; };
		493E4B5D1EDAC21C0083DDE0 /* Storec+CoreDataClass.swift in Sources */ = {isa = PBXBuildFile; fileRef = 493E4B551EDAC21C0083DDE0 /* Storec+CoreDataClass.swift */; };
		493E4B5E1EDAC21C0083DDE0 /* Storec+CoreDataProperties.swift in Sources */ = {isa = PBXBuildFile; fileRef = 493E4B561EDAC21C0083DDE0 /* Storec+CoreDataProperties.swift */; };
		493E4B5F1EDAC21C0083DDE0 /* Itemtypec+CoreDataClass.swift in Sources */ = {isa = PBXBuildFile; fileRef = 493E4B571EDAC21C0083DDE0 /* Itemtypec+CoreDataClass.swift */; };
		493E4B601EDAC21C0083DDE0 /* Itemtypec+CoreDataProperties.swift in Sources */ = {isa = PBXBuildFile; fileRef = 493E4B581EDAC21C0083DDE0 /* Itemtypec+CoreDataProperties.swift */; };
		493E4B611EDAC21C0083DDE0 /* Imagec+CoreDataClass.swift in Sources */ = {isa = PBXBuildFile; fileRef = 493E4B591EDAC21C0083DDE0 /* Imagec+CoreDataClass.swift */; };
		493E4B621EDAC21C0083DDE0 /* Imagec+CoreDataProperties.swift in Sources */ = {isa = PBXBuildFile; fileRef = 493E4B5A1EDAC21C0083DDE0 /* Imagec+CoreDataProperties.swift */; };
		493E4B631EDAC21C0083DDE0 /* Itemc+CoreDataClass.swift in Sources */ = {isa = PBXBuildFile; fileRef = 493E4B5B1EDAC21C0083DDE0 /* Itemc+CoreDataClass.swift */; };
		493E4B641EDAC21C0083DDE0 /* Itemc+CoreDataProperties.swift in Sources */ = {isa = PBXBuildFile; fileRef = 493E4B5C1EDAC21C0083DDE0 /* Itemc+CoreDataProperties.swift */; };
/* End PBXBuildFile section */

/* Begin PBXFileReference section */
		493E4B3D1EDAB9140083DDE0 /* DREAMlister.app */ = {isa = PBXFileReference; explicitFileType = wrapper.application; includeInIndex = 0; path = DREAMlister.app; sourceTree = BUILT_PRODUCTS_DIR; };
		493E4B401EDAB9140083DDE0 /* AppDelegate.swift */ = {isa = PBXFileReference; lastKnownFileType = sourcecode.swift; path = AppDelegate.swift; sourceTree = "<group>"; };
		493E4B421EDAB9140083DDE0 /* ViewController.swift */ = {isa = PBXFileReference; lastKnownFileType = sourcecode.swift; path = ViewController.swift; sourceTree = "<group>"; };
		493E4B451EDAB9140083DDE0 /* Base */ = {isa = PBXFileReference; lastKnownFileType = file.storyboard; name = Base; path = Base.lproj/Main.storyboard; sourceTree = "<group>"; };
		493E4B481EDAB9140083DDE0 /* DREAMlister.xcdatamodel */ = {isa = PBXFileReference; lastKnownFileType = wrapper.xcdatamodel; path = DREAMlister.xcdatamodel; sourceTree = "<group>"; };
		493E4B4A1EDAB9140083DDE0 /* Assets.xcassets */ = {isa = PBXFileReference; lastKnownFileType = folder.assetcatalog; path = Assets.xcassets; sourceTree = "<group>"; };
		493E4B4D1EDAB9140083DDE0 /* Base */ = {isa = PBXFileReference; lastKnownFileType = file.storyboard; name = Base; path = Base.lproj/LaunchScreen.storyboard; sourceTree = "<group>"; };
		493E4B4F1EDAB9140083DDE0 /* Info.plist */ = {isa = PBXFileReference; lastKnownFileType = text.plist.xml; path = Info.plist; sourceTree = "<group>"; };
		493E4B551EDAC21C0083DDE0 /* Storec+CoreDataClass.swift */ = {isa = PBXFileReference; fileEncoding = 4; lastKnownFileType = sourcecode.swift; path = "Storec+CoreDataClass.swift"; sourceTree = "<group>"; };
		493E4B561EDAC21C0083DDE0 /* Storec+CoreDataProperties.swift */ = {isa = PBXFileReference; fileEncoding = 4; lastKnownFileType = sourcecode.swift; path = "Storec+CoreDataProperties.swift"; sourceTree = "<group>"; };
		493E4B571EDAC21C0083DDE0 /* Itemtypec+CoreDataClass.swift */ = {isa = PBXFileReference; fileEncoding = 4; lastKnownFileType = sourcecode.swift; path = "Itemtypec+CoreDataClass.swift"; sourceTree = "<group>"; };
		493E4B581EDAC21C0083DDE0 /* Itemtypec+CoreDataProperties.swift */ = {isa = PBXFileReference; fileEncoding = 4; lastKnownFileType = sourcecode.swift; path = "Itemtypec+CoreDataProperties.swift"; sourceTree = "<group>"; };
		493E4B591EDAC21C0083DDE0 /* Imagec+CoreDataClass.swift */ = {isa = PBXFileReference; fileEncoding = 4; lastKnownFileType = sourcecode.swift; path = "Imagec+CoreDataClass.swift"; sourceTree = "<group>"; };
		493E4B5A1EDAC21C0083DDE0 /* Imagec+CoreDataProperties.swift */ = {isa = PBXFileReference; fileEncoding = 4; lastKnownFileType = sourcecode.swift; path = "Imagec+CoreDataProperties.swift"; sourceTree = "<group>"; };
		493E4B5B1EDAC21C0083DDE0 /* Itemc+CoreDataClass.swift */ = {isa = PBXFileReference; fileEncoding = 4; lastKnownFileType = sourcecode.swift; path = "Itemc+CoreDataClass.swift"; sourceTree = "<group>"; };
		493E4B5C1EDAC21C0083DDE0 /* Itemc+CoreDataProperties.swift */ = {isa = PBXFileReference; fileEncoding = 4; lastKnownFileType = sourcecode.swift; path = "Itemc+CoreDataProperties.swift"; sourceTree = "<group>"; };
/* End PBXFileReference section */

/* Begin PBXFrameworksBuildPhase section */
		493E4B3A1EDAB9140083DDE0 /* Frameworks */ = {
			isa = PBXFrameworksBuildPhase;
			buildActionMask = 2147483647;
			files = (
			);
			runOnlyForDeploymentPostprocessing = 0;
		};
/* End PBXFrameworksBuildPhase section */

/* Begin PBXGroup section */
		493E4B341EDAB9130083DDE0 = {
			isa = PBXGroup;
			children = (
				493E4B3F1EDAB9140083DDE0 /* DREAMlister */,
				493E4B3E1EDAB9140083DDE0 /* Products */,
			);
			sourceTree = "<group>";
		};
		493E4B3E1EDAB9140083DDE0 /* Products */ = {
			isa = PBXGroup;
			children = (
				493E4B3D1EDAB9140083DDE0 /* DREAMlister.app */,
			);
			name = Products;
			sourceTree = "<group>";
		};
		493E4B3F1EDAB9140083DDE0 /* DREAMlister */ = {
			isa = PBXGroup;
			children = (
				493E4B551EDAC21C0083DDE0 /* Storec+CoreDataClass.swift */,
				493E4B561EDAC21C0083DDE0 /* Storec+CoreDataProperties.swift */,
				493E4B571EDAC21C0083DDE0 /* Itemtypec+CoreDataClass.swift */,
				493E4B581EDAC21C0083DDE0 /* Itemtypec+CoreDataProperties.swift */,
				493E4B591EDAC21C0083DDE0 /* Imagec+CoreDataClass.swift */,
				493E4B5A1EDAC21C0083DDE0 /* Imagec+CoreDataProperties.swift */,
				493E4B5B1EDAC21C0083DDE0 /* Itemc+CoreDataClass.swift */,
				493E4B5C1EDAC21C0083DDE0 /* Itemc+CoreDataProperties.swift */,
				493E4B401EDAB9140083DDE0 /* AppDelegate.swift */,
				493E4B421EDAB9140083DDE0 /* ViewController.swift */,
				493E4B441EDAB9140083DDE0 /* Main.storyboard */,
				493E4B4A1EDAB9140083DDE0 /* Assets.xcassets */,
				493E4B4C1EDAB9140083DDE0 /* LaunchScreen.storyboard */,
				493E4B4F1EDAB9140083DDE0 /* Info.plist */,
				493E4B471EDAB9140083DDE0 /* DREAMlister.xcdatamodeld */,
			);
			path = DREAMlister;
			sourceTree = "<group>";
		};
/* End PBXGroup section */

/* Begin PBXNativeTarget section */
		493E4B3C1EDAB9140083DDE0 /* DREAMlister */ = {
			isa = PBXNativeTarget;
			buildConfigurationList = 493E4B521EDAB9140083DDE0 /* Build configuration list for PBXNativeTarget "DREAMlister" */;
			buildPhases = (
				493E4B391EDAB9140083DDE0 /* Sources */,
				493E4B3A1EDAB9140083DDE0 /* Frameworks */,
				493E4B3B1EDAB9140083DDE0 /* Resources */,
			);
			buildRules = (
			);
			dependencies = (
			);
			name = DREAMlister;
			productName = DREAMlister;
			productReference = 493E4B3D1EDAB9140083DDE0 /* DREAMlister.app */;
			productType = "com.apple.product-type.application";
		};
/* End PBXNativeTarget section */

/* Begin PBXProject section */
		493E4B351EDAB9140083DDE0 /* Project object */ = {
			isa = PBXProject;
			attributes = {
				LastSwiftUpdateCheck = 0830;
				LastUpgradeCheck = 0830;
				ORGANIZATIONNAME = "raghav babbar";
				TargetAttributes = {
					493E4B3C1EDAB9140083DDE0 = {
						CreatedOnToolsVersion = 8.3.2;
						ProvisioningStyle = Automatic;
					};
				};
			};
			buildConfigurationList = 493E4B381EDAB9140083DDE0 /* Build configuration list for PBXProject "DREAMlister" */;
			compatibilityVersion = "Xcode 3.2";
			developmentRegion = English;
			hasScannedForEncodings = 0;
			knownRegions = (
				en,
				Base,
			);
			mainGroup = 493E4B341EDAB9130083DDE0;
			productRefGroup = 493E4B3E1EDAB9140083DDE0 /* Products */;
			projectDirPath = "";
			projectRoot = "";
			targets = (
				493E4B3C1EDAB9140083DDE0 /* DREAMlister */,
			);
		};
/* End PBXProject section */

/* Begin PBXResourcesBuildPhase section */
		493E4B3B1EDAB9140083DDE0 /* Resources */ = {
			isa = PBXResourcesBuildPhase;
			buildActionMask = 2147483647;
			files = (
				493E4B4E1EDAB9140083DDE0 /* LaunchScreen.storyboard in Resources */,
				493E4B4B1EDAB9140083DDE0 /* Assets.xcassets in Resources */,
				493E4B461EDAB9140083DDE0 /* Main.storyboard in Resources */,
			);
			runOnlyForDeploymentPostprocessing = 0;
		};
/* End PBXResourcesBuildPhase section */

/* Begin PBXSourcesBuildPhase section */
		493E4B391EDAB9140083DDE0 /* Sources */ = {
			isa = PBXSourcesBuildPhase;
			buildActionMask = 2147483647;
			files = (
				493E4B641EDAC21C0083DDE0 /* Itemc+CoreDataProperties.swift in Sources */,
				493E4B631EDAC21C0083DDE0 /* Itemc+CoreDataClass.swift in Sources */,
				493E4B601EDAC21C0083DDE0 /* Itemtypec+CoreDataProperties.swift in Sources */,
				493E4B5F1EDAC21C0083DDE0 /* Itemtypec+CoreDataClass.swift in Sources */,
				493E4B431EDAB9140083DDE0 /* ViewController.swift in Sources */,
				493E4B5D1EDAC21C0083DDE0 /* Storec+CoreDataClass.swift in Sources */,
				493E4B621EDAC21C0083DDE0 /* Imagec+CoreDataProperties.swift in Sources */,
				493E4B411EDAB9140083DDE0 /* AppDelegate.swift in Sources */,
				493E4B5E1EDAC21C0083DDE0 /* Storec+CoreDataProperties.swift in Sources */,
				493E4B491EDAB9140083DDE0 /* DREAMlister.xcdatamodeld in Sources */,
				493E4B611EDAC21C0083DDE0 /* Imagec+CoreDataClass.swift in Sources */,
			);
			runOnlyForDeploymentPostprocessing = 0;
		};
/* End PBXSourcesBuildPhase section */

/* Begin PBXVariantGroup section */
		493E4B441EDAB9140083DDE0 /* Main.storyboard */ = {
			isa = PBXVariantGroup;
			children = (
				493E4B451EDAB9140083DDE0 /* Base */,
			);
			name = Main.storyboard;
			sourceTree = "<group>";
		};
		493E4B4C1EDAB9140083DDE0 /* LaunchScreen.storyboard */ = {
			isa = PBXVariantGroup;
			children = (
				493E4B4D1EDAB9140083DDE0 /* Base */,
			);
			name = LaunchScreen.storyboard;
			sourceTree = "<group>";
		};
/* End PBXVariantGroup section */

/* Begin XCBuildConfiguration section */
		493E4B501EDAB9140083DDE0 /* Debug */ = {
			isa = XCBuildConfiguration;
			buildSettings = {
				ALWAYS_SEARCH_USER_PATHS = NO;
				CLANG_ANALYZER_NONNULL = YES;
				CLANG_ANALYZER_NUMBER_OBJECT_CONVERSION = YES_AGGRESSIVE;
				CLANG_CXX_LANGUAGE_STANDARD = "gnu++0x";
				CLANG_CXX_LIBRARY = "libc++";
				CLANG_ENABLE_MODULES = YES;
				CLANG_ENABLE_OBJC_ARC = YES;
				CLANG_WARN_BOOL_CONVERSION = YES;
				CLANG_WARN_CONSTANT_CONVERSION = YES;
				CLANG_WARN_DIRECT_OBJC_ISA_USAGE = YES_ERROR;
				CLANG_WARN_DOCUMENTATION_COMMENTS = YES;
				CLANG_WARN_EMPTY_BODY = YES;
				CLANG_WARN_ENUM_CONVERSION = YES;
				CLANG_WARN_INFINITE_RECURSION = YES;
				CLANG_WARN_INT_CONVERSION = YES;
				CLANG_WARN_OBJC_ROOT_CLASS = YES_ERROR;
				CLANG_WARN_SUSPICIOUS_MOVE = YES;
				CLANG_WARN_UNREACHABLE_CODE = YES;
				CLANG_WARN__DUPLICATE_METHOD_MATCH = YES;
				"CODE_SIGN_IDENTITY[sdk=iphoneos*]" = "iPhone Developer";
				COPY_PHASE_STRIP = NO;
				DEBUG_INFORMATION_FORMAT = dwarf;
				ENABLE_STRICT_OBJC_MSGSEND = YES;
				ENABLE_TESTABILITY = YES;
				GCC_C_LANGUAGE_STANDARD = gnu99;
				GCC_DYNAMIC_NO_PIC = NO;
				GCC_NO_COMMON_BLOCKS = YES;
				GCC_OPTIMIZATION_LEVEL = 0;
				GCC_PREPROCESSOR_DEFINITIONS = (
					"DEBUG=1",
					"$(inherited)",
				);
				GCC_WARN_64_TO_32_BIT_CONVERSION = YES;
				GCC_WARN_ABOUT_RETURN_TYPE = YES_ERROR;
				GCC_WARN_UNDECLARED_SELECTOR = YES;
				GCC_WARN_UNINITIALIZED_AUTOS = YES_AGGRESSIVE;
				GCC_WARN_UNUSED_FUNCTION = YES;
				GCC_WARN_UNUSED_VARIABLE = YES;
				IPHONEOS_DEPLOYMENT_TARGET = 10.3;
				MTL_ENABLE_DEBUG_INFO = YES;
				ONLY_ACTIVE_ARCH = YES;
				SDKROOT = iphoneos;
				SWIFT_ACTIVE_COMPILATION_CONDITIONS = DEBUG;
				SWIFT_OPTIMIZATION_LEVEL = "-Onone";
				TARGETED_DEVICE_FAMILY = "1,2";
			};
			name = Debug;
		};
		493E4B511EDAB9140083DDE0 /* Release */ = {
			isa = XCBuildConfiguration;
			buildSettings = {
				ALWAYS_SEARCH_USER_PATHS = NO;
				CLANG_ANALYZER_NONNULL = YES;
				CLANG_ANALYZER_NUMBER_OBJECT_CONVERSION = YES_AGGRESSIVE;
				CLANG_CXX_LANGUAGE_STANDARD = "gnu++0x";
				CLANG_CXX_LIBRARY = "libc++";
				CLANG_ENABLE_MODULES = YES;
				CLANG_ENABLE_OBJC_ARC = YES;
				CLANG_WARN_BOOL_CONVERSION = YES;
				CLANG_WARN_CONSTANT_CONVERSION = YES;
				CLANG_WARN_DIRECT_OBJC_ISA_USAGE = YES_ERROR;
				CLANG_WARN_DOCUMENTATION_COMMENTS = YES;
				CLANG_WARN_EMPTY_BODY = YES;
				CLANG_WARN_ENUM_CONVERSION = YES;
				CLANG_WARN_INFINITE_RECURSION = YES;
				CLANG_WARN_INT_CONVERSION = YES;
				CLANG_WARN_OBJC_ROOT_CLASS = YES_ERROR;
				CLANG_WARN_SUSPICIOUS_MOVE = YES;
				CLANG_WARN_UNREACHABLE_CODE = YES;
				CLANG_WARN__DUPLICATE_METHOD_MATCH = YES;
				"CODE_SIGN_IDENTITY[sdk=iphoneos*]" = "iPhone Developer";
				COPY_PHASE_STRIP = NO;
				DEBUG_INFORMATION_FORMAT = "dwarf-with-dsym";
				ENABLE_NS_ASSERTIONS = NO;
				ENABLE_STRICT_OBJC_MSGSEND = YES;
				GCC_C_LANGUAGE_STANDARD = gnu99;
				GCC_NO_COMMON_BLOCKS = YES;
				GCC_WARN_64_TO_32_BIT_CONVERSION = YES;
				GCC_WARN_ABOUT_RETURN_TYPE = YES_ERROR;
				GCC_WARN_UNDECLARED_SELECTOR = YES;
				GCC_WARN_UNINITIALIZED_AUTOS = YES_AGGRESSIVE;
				GCC_WARN_UNUSED_FUNCTION = YES;
				GCC_WARN_UNUSED_VARIABLE = YES;
				IPHONEOS_DEPLOYMENT_TARGET = 10.3;
				MTL_ENABLE_DEBUG_INFO = NO;
				SDKROOT = iphoneos;
				SWIFT_OPTIMIZATION_LEVEL = "-Owholemodule";
				TARGETED_DEVICE_FAMILY = "1,2";
				VALIDATE_PRODUCT = YES;
			};
			name = Release;
		};
		493E4B531EDAB9140083DDE0 /* Debug */ = {
			isa = XCBuildConfiguration;
			buildSettings = {
				ASSETCATALOG_COMPILER_APPICON_NAME = AppIcon;
				INFOPLIST_FILE = DREAMlister/Info.plist;
				LD_RUNPATH_SEARCH_PATHS = "$(inherited) @executable_path/Frameworks";
				PRODUCT_BUNDLE_IDENTIFIER = com.raghav.p.DREAMlister;
				PRODUCT_NAME = "$(TARGET_NAME)";
				SWIFT_VERSION = 3.0;
			};
			name = Debug;
		};
		493E4B541EDAB9140083DDE0 /* Release */ = {
			isa = XCBuildConfiguration;
			buildSettings = {
				ASSETCATALOG_COMPILER_APPICON_NAME = AppIcon;
				INFOPLIST_FILE = DREAMlister/Info.plist;
				LD_RUNPATH_SEARCH_PATHS = "$(inherited) @executable_path/Frameworks";
				PRODUCT_BUNDLE_IDENTIFIER = com.raghav.p.DREAMlister;
				PRODUCT_NAME = "$(TARGET_NAME)";
				SWIFT_VERSION = 3.0;
			};
			name = Release;
		};
/* End XCBuildConfiguration section */

/* Begin XCConfigurationList section */
		493E4B381EDAB9140083DDE0 /* Build configuration list for PBXProject "DREAMlister" */ = {
			isa = XCConfigurationList;
			buildConfigurations = (
				493E4B501EDAB9140083DDE0 /* Debug */,
				493E4B511EDAB9140083DDE0 /* Release */,
			);
			defaultConfigurationIsVisible = 0;
			defaultConfigurationName = Release;
		};
		493E4B521EDAB9140083DDE0 /* Build configuration list for PBXNativeTarget "DREAMlister" */ = {
			isa = XCConfigurationList;
			buildConfigurations = (
				493E4B531EDAB9140083DDE0 /* Debug */,
				493E4B541EDAB9140083DDE0 /* Release */,
			);
			defaultConfigurationIsVisible = 0;
			defaultConfigurationName = Release;
		};
/* End XCConfigurationList section */

/* Begin XCVersionGroup section */
		493E4B471EDAB9140083DDE0 /* DREAMlister.xcdatamodeld */ = {
			isa = XCVersionGroup;
			children = (
				493E4B481EDAB9140083DDE0 /* DREAMlister.xcdatamodel */,
			);
			currentVersion = 493E4B481EDAB9140083DDE0 /* DREAMlister.xcdatamodel */;
			path = DREAMlister.xcdatamodeld;
			sourceTree = "<group>";
			versionGroupType = wrapper.xcdatamodel;
		};
/* End XCVersionGroup section */
	};
	rootObject = 493E4B351EDAB9140083DDE0 /* Project object */;
}
